// !$*UTF8*$!
{
	archiveVersion = 1;
	classes = {
	};
	objectVersion = 48;
	objects = {

/* Begin PBXBuildFile section */
		3D66BCED20299EFD00F97E9D /* AppDelegate.m in Sources */ = {isa = PBXBuildFile; fileRef = 3D66BCEC20299EFD00F97E9D /* AppDelegate.m */; };
		3D66BCF020299EFD00F97E9D /* ViewController.m in Sources */ = {isa = PBXBuildFile; fileRef = 3D66BCEF20299EFD00F97E9D /* ViewController.m */; };
		3D66BCF320299EFD00F97E9D /* Main.storyboard in Resources */ = {isa = PBXBuildFile; fileRef = 3D66BCF120299EFD00F97E9D /* Main.storyboard */; };
		3D66BCF520299EFD00F97E9D /* Assets.xcassets in Resources */ = {isa = PBXBuildFile; fileRef = 3D66BCF420299EFD00F97E9D /* Assets.xcassets */; };
		3D66BCF820299EFD00F97E9D /* LaunchScreen.storyboard in Resources */ = {isa = PBXBuildFile; fileRef = 3D66BCF620299EFD00F97E9D /* LaunchScreen.storyboard */; };
		3D66BCFB20299EFD00F97E9D /* main.m in Sources */ = {isa = PBXBuildFile; fileRef = 3D66BCFA20299EFD00F97E9D /* main.m */; };
		3D66BD0520299EFE00F97E9D /* VWWebImageDemoTests.m in Sources */ = {isa = PBXBuildFile; fileRef = 3D66BD0420299EFE00F97E9D /* VWWebImageDemoTests.m */; };
		3D66BD162029A03B00F97E9D /* UIImageView+WebCache.m in Sources */ = {isa = PBXBuildFile; fileRef = 3D66BD152029A03B00F97E9D /* UIImageView+WebCache.m */; };
		3D66BD1A2029ABE700F97E9D /* VWDownloadOperationQueue.m in Sources */ = {isa = PBXBuildFile; fileRef = 3D66BD192029ABE700F97E9D /* VWDownloadOperationQueue.m */; };
		3D66BD282029AD6200F97E9D /* VWImageCacheManager.m in Sources */ = {isa = PBXBuildFile; fileRef = 3D66BD272029AD6200F97E9D /* VWImageCacheManager.m */; };
		3D66BD2B2029ADA300F97E9D /* VWMemoryCache.m in Sources */ = {isa = PBXBuildFile; fileRef = 3D66BD2A2029ADA300F97E9D /* VWMemoryCache.m */; };
		3D66BD2E2029ADAE00F97E9D /* VWDiskCache.m in Sources */ = {isa = PBXBuildFile; fileRef = 3D66BD2D2029ADAE00F97E9D /* VWDiskCache.m */; };
		3D66BD332029B10500F97E9D /* VWImageProcessManager.m in Sources */ = {isa = PBXBuildFile; fileRef = 3D66BD322029B10500F97E9D /* VWImageProcessManager.m */; };
		3D66BD362029B11700F97E9D /* VWImageCompressor.m in Sources */ = {isa = PBXBuildFile; fileRef = 3D66BD352029B11700F97E9D /* VWImageCompressor.m */; };
		3D66BD392029B13C00F97E9D /* VWDownloadManager.m in Sources */ = {isa = PBXBuildFile; fileRef = 3D66BD382029B13C00F97E9D /* VWDownloadManager.m */; };
		3D66BD3C2029B23F00F97E9D /* VWCache.m in Sources */ = {isa = PBXBuildFile; fileRef = 3D66BD3B2029B23F00F97E9D /* VWCache.m */; };
/* End PBXBuildFile section */

/* Begin PBXContainerItemProxy section */
		3D66BD0120299EFE00F97E9D /* PBXContainerItemProxy */ = {
			isa = PBXContainerItemProxy;
			containerPortal = 3D66BCE020299EFD00F97E9D /* Project object */;
			proxyType = 1;
			remoteGlobalIDString = 3D66BCE720299EFD00F97E9D;
			remoteInfo = VWWebImageDemo;
		};
/* End PBXContainerItemProxy section */

/* Begin PBXFileReference section */
		3D66BCE820299EFD00F97E9D /* VWWebImageDemo.app */ = {isa = PBXFileReference; explicitFileType = wrapper.application; includeInIndex = 0; path = VWWebImageDemo.app; sourceTree = BUILT_PRODUCTS_DIR; };
		3D66BCEB20299EFD00F97E9D /* AppDelegate.h */ = {isa = PBXFileReference; lastKnownFileType = sourcecode.c.h; path = AppDelegate.h; sourceTree = "<group>"; };
		3D66BCEC20299EFD00F97E9D /* AppDelegate.m */ = {isa = PBXFileReference; lastKnownFileType = sourcecode.c.objc; path = AppDelegate.m; sourceTree = "<group>"; };
		3D66BCEE20299EFD00F97E9D /* ViewController.h */ = {isa = PBXFileReference; lastKnownFileType = sourcecode.c.h; path = ViewController.h; sourceTree = "<group>"; };
		3D66BCEF20299EFD00F97E9D /* ViewController.m */ = {isa = PBXFileReference; lastKnownFileType = sourcecode.c.objc; path = ViewController.m; sourceTree = "<group>"; };
		3D66BCF220299EFD00F97E9D /* Base */ = {isa = PBXFileReference; lastKnownFileType = file.storyboard; name = Base; path = Base.lproj/Main.storyboard; sourceTree = "<group>"; };
		3D66BCF420299EFD00F97E9D /* Assets.xcassets */ = {isa = PBXFileReference; lastKnownFileType = folder.assetcatalog; path = Assets.xcassets; sourceTree = "<group>"; };
		3D66BCF720299EFD00F97E9D /* Base */ = {isa = PBXFileReference; lastKnownFileType = file.storyboard; name = Base; path = Base.lproj/LaunchScreen.storyboard; sourceTree = "<group>"; };
		3D66BCF920299EFD00F97E9D /* Info.plist */ = {isa = PBXFileReference; lastKnownFileType = text.plist.xml; path = Info.plist; sourceTree = "<group>"; };
		3D66BCFA20299EFD00F97E9D /* main.m */ = {isa = PBXFileReference; lastKnownFileType = sourcecode.c.objc; path = main.m; sourceTree = "<group>"; };
		3D66BD0020299EFE00F97E9D /* VWWebImageDemoTests.xctest */ = {isa = PBXFileReference; explicitFileType = wrapper.cfbundle; includeInIndex = 0; path = VWWebImageDemoTests.xctest; sourceTree = BUILT_PRODUCTS_DIR; };
		3D66BD0420299EFE00F97E9D /* VWWebImageDemoTests.m */ = {isa = PBXFileReference; lastKnownFileType = sourcecode.c.objc; path = VWWebImageDemoTests.m; sourceTree = "<group>"; };
		3D66BD0620299EFE00F97E9D /* Info.plist */ = {isa = PBXFileReference; lastKnownFileType = text.plist.xml; path = Info.plist; sourceTree = "<group>"; };
		3D66BD142029A03B00F97E9D /* UIImageView+WebCache.h */ = {isa = PBXFileReference; lastKnownFileType = sourcecode.c.h; path = "UIImageView+WebCache.h"; sourceTree = "<group>"; };
		3D66BD152029A03B00F97E9D /* UIImageView+WebCache.m */ = {isa = PBXFileReference; lastKnownFileType = sourcecode.c.objc; path = "UIImageView+WebCache.m"; sourceTree = "<group>"; };
		3D66BD172029A04A00F97E9D /* README.md */ = {isa = PBXFileReference; lastKnownFileType = net.daringfireball.markdown; path = README.md; sourceTree = "<group>"; };
		3D66BD182029ABE700F97E9D /* VWDownloadOperationQueue.h */ = {isa = PBXFileReference; lastKnownFileType = sourcecode.c.h; path = VWDownloadOperationQueue.h; sourceTree = "<group>"; };
		3D66BD192029ABE700F97E9D /* VWDownloadOperationQueue.m */ = {isa = PBXFileReference; lastKnownFileType = sourcecode.c.objc; path = VWDownloadOperationQueue.m; sourceTree = "<group>"; };
		3D66BD262029AD6200F97E9D /* VWImageCacheManager.h */ = {isa = PBXFileReference; lastKnownFileType = sourcecode.c.h; path = VWImageCacheManager.h; sourceTree = "<group>"; };
		3D66BD272029AD6200F97E9D /* VWImageCacheManager.m */ = {isa = PBXFileReference; lastKnownFileType = sourcecode.c.objc; path = VWImageCacheManager.m; sourceTree = "<group>"; };
		3D66BD292029ADA300F97E9D /* VWMemoryCache.h */ = {isa = PBXFileReference; lastKnownFileType = sourcecode.c.h; path = VWMemoryCache.h; sourceTree = "<group>"; };
		3D66BD2A2029ADA300F97E9D /* VWMemoryCache.m */ = {isa = PBXFileReference; lastKnownFileType = sourcecode.c.objc; path = VWMemoryCache.m; sourceTree = "<group>"; };
		3D66BD2C2029ADAE00F97E9D /* VWDiskCache.h */ = {isa = PBXFileReference; lastKnownFileType = sourcecode.c.h; path = VWDiskCache.h; sourceTree = "<group>"; };
		3D66BD2D2029ADAE00F97E9D /* VWDiskCache.m */ = {isa = PBXFileReference; lastKnownFileType = sourcecode.c.objc; path = VWDiskCache.m; sourceTree = "<group>"; };
		3D66BD312029B10500F97E9D /* VWImageProcessManager.h */ = {isa = PBXFileReference; lastKnownFileType = sourcecode.c.h; path = VWImageProcessManager.h; sourceTree = "<group>"; };
		3D66BD322029B10500F97E9D /* VWImageProcessManager.m */ = {isa = PBXFileReference; lastKnownFileType = sourcecode.c.objc; path = VWImageProcessManager.m; sourceTree = "<group>"; };
		3D66BD342029B11700F97E9D /* VWImageCompressor.h */ = {isa = PBXFileReference; lastKnownFileType = sourcecode.c.h; path = VWImageCompressor.h; sourceTree = "<group>"; };
		3D66BD352029B11700F97E9D /* VWImageCompressor.m */ = {isa = PBXFileReference; lastKnownFileType = sourcecode.c.objc; path = VWImageCompressor.m; sourceTree = "<group>"; };
		3D66BD372029B13C00F97E9D /* VWDownloadManager.h */ = {isa = PBXFileReference; lastKnownFileType = sourcecode.c.h; path = VWDownloadManager.h; sourceTree = "<group>"; };
		3D66BD382029B13C00F97E9D /* VWDownloadManager.m */ = {isa = PBXFileReference; lastKnownFileType = sourcecode.c.objc; path = VWDownloadManager.m; sourceTree = "<group>"; };
		3D66BD3A2029B23F00F97E9D /* VWCache.h */ = {isa = PBXFileReference; lastKnownFileType = sourcecode.c.h; path = VWCache.h; sourceTree = "<group>"; };
		3D66BD3B2029B23F00F97E9D /* VWCache.m */ = {isa = PBXFileReference; lastKnownFileType = sourcecode.c.objc; path = VWCache.m; sourceTree = "<group>"; };
/* End PBXFileReference section */

/* Begin PBXFrameworksBuildPhase section */
		3D66BCE520299EFD00F97E9D /* Frameworks */ = {
			isa = PBXFrameworksBuildPhase;
			buildActionMask = 2147483647;
			files = (
			);
			runOnlyForDeploymentPostprocessing = 0;
		};
		3D66BCFD20299EFE00F97E9D /* Frameworks */ = {
			isa = PBXFrameworksBuildPhase;
			buildActionMask = 2147483647;
			files = (
			);
			runOnlyForDeploymentPostprocessing = 0;
		};
/* End PBXFrameworksBuildPhase section */

/* Begin PBXGroup section */
		3D66BCDF20299EFD00F97E9D = {
			isa = PBXGroup;
			children = (
				3D66BCEA20299EFD00F97E9D /* VWWebImageDemo */,
				3D66BD0320299EFE00F97E9D /* VWWebImageDemoTests */,
				3D66BCE920299EFD00F97E9D /* Products */,
			);
			sourceTree = "<group>";
		};
		3D66BCE920299EFD00F97E9D /* Products */ = {
			isa = PBXGroup;
			children = (
				3D66BCE820299EFD00F97E9D /* VWWebImageDemo.app */,
				3D66BD0020299EFE00F97E9D /* VWWebImageDemoTests.xctest */,
			);
			name = Products;
			sourceTree = "<group>";
		};
		3D66BCEA20299EFD00F97E9D /* VWWebImageDemo */ = {
			isa = PBXGroup;
			children = (
				3D66BD0F20299F1100F97E9D /* VWWebImage */,
				3D66BD1E2029AC0B00F97E9D /* Origin */,
				3D66BD172029A04A00F97E9D /* README.md */,
				3D66BCF920299EFD00F97E9D /* Info.plist */,
			);
			path = VWWebImageDemo;
			sourceTree = "<group>";
		};
		3D66BD0320299EFE00F97E9D /* VWWebImageDemoTests */ = {
			isa = PBXGroup;
			children = (
				3D66BD0420299EFE00F97E9D /* VWWebImageDemoTests.m */,
				3D66BD0620299EFE00F97E9D /* Info.plist */,
			);
			path = VWWebImageDemoTests;
			sourceTree = "<group>";
		};
		3D66BD0F20299F1100F97E9D /* VWWebImage */ = {
			isa = PBXGroup;
			children = (
				3D66BD142029A03B00F97E9D /* UIImageView+WebCache.h */,
				3D66BD152029A03B00F97E9D /* UIImageView+WebCache.m */,
				3D66BD182029ABE700F97E9D /* VWDownloadOperationQueue.h */,
				3D66BD192029ABE700F97E9D /* VWDownloadOperationQueue.m */,
				3D66BD2F2029B08800F97E9D /* Download */,
				3D66BD302029B09800F97E9D /* ImageProccess */,
				3D66BD1F2029ACEE00F97E9D /* Cache */,
			);
			path = VWWebImage;
			sourceTree = "<group>";
		};
		3D66BD1E2029AC0B00F97E9D /* Origin */ = {
			isa = PBXGroup;
			children = (
				3D66BCEB20299EFD00F97E9D /* AppDelegate.h */,
				3D66BCEC20299EFD00F97E9D /* AppDelegate.m */,
				3D66BCEE20299EFD00F97E9D /* ViewController.h */,
				3D66BCEF20299EFD00F97E9D /* ViewController.m */,
				3D66BCF120299EFD00F97E9D /* Main.storyboard */,
				3D66BCF420299EFD00F97E9D /* Assets.xcassets */,
				3D66BCF620299EFD00F97E9D /* LaunchScreen.storyboard */,
				3D66BCFA20299EFD00F97E9D /* main.m */,
			);
			path = Origin;
			sourceTree = "<group>";
		};
		3D66BD1F2029ACEE00F97E9D /* Cache */ = {
			isa = PBXGroup;
			children = (
				3D66BD262029AD6200F97E9D /* VWImageCacheManager.h */,
				3D66BD272029AD6200F97E9D /* VWImageCacheManager.m */,
				3D66BD3A2029B23F00F97E9D /* VWCache.h */,
				3D66BD3B2029B23F00F97E9D /* VWCache.m */,
				3D66BD292029ADA300F97E9D /* VWMemoryCache.h */,
				3D66BD2A2029ADA300F97E9D /* VWMemoryCache.m */,
				3D66BD2C2029ADAE00F97E9D /* VWDiskCache.h */,
				3D66BD2D2029ADAE00F97E9D /* VWDiskCache.m */,
			);
			path = Cache;
			sourceTree = "<group>";
		};
		3D66BD2F2029B08800F97E9D /* Download */ = {
			isa = PBXGroup;
			children = (
				3D66BD372029B13C00F97E9D /* VWDownloadManager.h */,
				3D66BD382029B13C00F97E9D /* VWDownloadManager.m */,
			);
			path = Download;
			sourceTree = "<group>";
		};
		3D66BD302029B09800F97E9D /* ImageProccess */ = {
			isa = PBXGroup;
			children = (
				3D66BD312029B10500F97E9D /* VWImageProcessManager.h */,
				3D66BD322029B10500F97E9D /* VWImageProcessManager.m */,
				3D66BD342029B11700F97E9D /* VWImageCompressor.h */,
				3D66BD352029B11700F97E9D /* VWImageCompressor.m */,
			);
			path = ImageProccess;
			sourceTree = "<group>";
		};
/* End PBXGroup section */

/* Begin PBXNativeTarget section */
		3D66BCE720299EFD00F97E9D /* VWWebImageDemo */ = {
			isa = PBXNativeTarget;
			buildConfigurationList = 3D66BD0920299EFE00F97E9D /* Build configuration list for PBXNativeTarget "VWWebImageDemo" */;
			buildPhases = (
				3D66BCE420299EFD00F97E9D /* Sources */,
				3D66BCE520299EFD00F97E9D /* Frameworks */,
				3D66BCE620299EFD00F97E9D /* Resources */,
			);
			buildRules = (
			);
			dependencies = (
			);
			name = VWWebImageDemo;
			productName = VWWebImageDemo;
			productReference = 3D66BCE820299EFD00F97E9D /* VWWebImageDemo.app */;
			productType = "com.apple.product-type.application";
		};
		3D66BCFF20299EFE00F97E9D /* VWWebImageDemoTests */ = {
			isa = PBXNativeTarget;
			buildConfigurationList = 3D66BD0C20299EFE00F97E9D /* Build configuration list for PBXNativeTarget "VWWebImageDemoTests" */;
			buildPhases = (
				3D66BCFC20299EFE00F97E9D /* Sources */,
				3D66BCFD20299EFE00F97E9D /* Frameworks */,
				3D66BCFE20299EFE00F97E9D /* Resources */,
			);
			buildRules = (
			);
			dependencies = (
				3D66BD0220299EFE00F97E9D /* PBXTargetDependency */,
			);
			name = VWWebImageDemoTests;
			productName = VWWebImageDemoTests;
			productReference = 3D66BD0020299EFE00F97E9D /* VWWebImageDemoTests.xctest */;
			productType = "com.apple.product-type.bundle.unit-test";
		};
/* End PBXNativeTarget section */

/* Begin PBXProject section */
		3D66BCE020299EFD00F97E9D /* Project object */ = {
			isa = PBXProject;
			attributes = {
				LastUpgradeCheck = 0920;
				ORGANIZATIONNAME = "万伟琦";
				TargetAttributes = {
					3D66BCE720299EFD00F97E9D = {
						CreatedOnToolsVersion = 9.2;
						ProvisioningStyle = Automatic;
					};
					3D66BCFF20299EFE00F97E9D = {
						CreatedOnToolsVersion = 9.2;
						ProvisioningStyle = Automatic;
						TestTargetID = 3D66BCE720299EFD00F97E9D;
					};
				};
			};
			buildConfigurationList = 3D66BCE320299EFD00F97E9D /* Build configuration list for PBXProject "VWWebImageDemo" */;
			compatibilityVersion = "Xcode 8.0";
			developmentRegion = en;
			hasScannedForEncodings = 0;
			knownRegions = (
				en,
				Base,
			);
			mainGroup = 3D66BCDF20299EFD00F97E9D;
			productRefGroup = 3D66BCE920299EFD00F97E9D /* Products */;
			projectDirPath = "";
			projectRoot = "";
			targets = (
				3D66BCE720299EFD00F97E9D /* VWWebImageDemo */,
				3D66BCFF20299EFE00F97E9D /* VWWebImageDemoTests */,
			);
		};
/* End PBXProject section */

/* Begin PBXResourcesBuildPhase section */
		3D66BCE620299EFD00F97E9D /* Resources */ = {
			isa = PBXResourcesBuildPhase;
			buildActionMask = 2147483647;
			files = (
				3D66BCF820299EFD00F97E9D /* LaunchScreen.storyboard in Resources */,
				3D66BCF520299EFD00F97E9D /* Assets.xcassets in Resources */,
				3D66BCF320299EFD00F97E9D /* Main.storyboard in Resources */,
			);
			runOnlyForDeploymentPostprocessing = 0;
		};
		3D66BCFE20299EFE00F97E9D /* Resources */ = {
			isa = PBXResourcesBuildPhase;
			buildActionMask = 2147483647;
			files = (
			);
			runOnlyForDeploymentPostprocessing = 0;
		};
/* End PBXResourcesBuildPhase section */

/* Begin PBXSourcesBuildPhase section */
		3D66BCE420299EFD00F97E9D /* Sources */ = {
			isa = PBXSourcesBuildPhase;
			buildActionMask = 2147483647;
			files = (
				3D66BCF020299EFD00F97E9D /* ViewController.m in Sources */,
				3D66BD362029B11700F97E9D /* VWImageCompressor.m in Sources */,
				3D66BD1A2029ABE700F97E9D /* VWDownloadOperationQueue.m in Sources */,
				3D66BCFB20299EFD00F97E9D /* main.m in Sources */,
				3D66BD392029B13C00F97E9D /* VWDownloadManager.m in Sources */,
				3D66BD3C2029B23F00F97E9D /* VWCache.m in Sources */,
				3D66BD162029A03B00F97E9D /* UIImageView+WebCache.m in Sources */,
				3D66BD332029B10500F97E9D /* VWImageProcessManager.m in Sources */,
				3D66BD2E2029ADAE00F97E9D /* VWDiskCache.m in Sources */,
				3D66BCED20299EFD00F97E9D /* AppDelegate.m in Sources */,
				3D66BD282029AD6200F97E9D /* VWImageCacheManager.m in Sources */,
				3D66BD2B2029ADA300F97E9D /* VWMemoryCache.m in Sources */,
			);
			runOnlyForDeploymentPostprocessing = 0;
		};
		3D66BCFC20299EFE00F97E9D /* Sources */ = {
			isa = PBXSourcesBuildPhase;
			buildActionMask = 2147483647;
			files = (
				3D66BD0520299EFE00F97E9D /* VWWebImageDemoTests.m in Sources */,
			);
			runOnlyForDeploymentPostprocessing = 0;
		};
/* End PBXSourcesBuildPhase section */

/* Begin PBXTargetDependency section */
		3D66BD0220299EFE00F97E9D /* PBXTargetDependency */ = {
			isa = PBXTargetDependency;
			target = 3D66BCE720299EFD00F97E9D /* VWWebImageDemo */;
			targetProxy = 3D66BD0120299EFE00F97E9D /* PBXContainerItemProxy */;
		};
/* End PBXTargetDependency section */

/* Begin PBXVariantGroup section */
		3D66BCF120299EFD00F97E9D /* Main.storyboard */ = {
			isa = PBXVariantGroup;
			children = (
				3D66BCF220299EFD00F97E9D /* Base */,
			);
			name = Main.storyboard;
			sourceTree = "<group>";
		};
		3D66BCF620299EFD00F97E9D /* LaunchScreen.storyboard */ = {
			isa = PBXVariantGroup;
			children = (
				3D66BCF720299EFD00F97E9D /* Base */,
			);
			name = LaunchScreen.storyboard;
			sourceTree = "<group>";
		};
/* End PBXVariantGroup section */

/* Begin XCBuildConfiguration section */
		3D66BD0720299EFE00F97E9D /* Debug */ = {
			isa = XCBuildConfiguration;
			buildSettings = {
				ALWAYS_SEARCH_USER_PATHS = NO;
				CLANG_ANALYZER_NONNULL = YES;
				CLANG_ANALYZER_NUMBER_OBJECT_CONVERSION = YES_AGGRESSIVE;
				CLANG_CXX_LANGUAGE_STANDARD = "gnu++14";
				CLANG_CXX_LIBRARY = "libc++";
				CLANG_ENABLE_MODULES = YES;
				CLANG_ENABLE_OBJC_ARC = YES;
				CLANG_WARN_BLOCK_CAPTURE_AUTORELEASING = YES;
				CLANG_WARN_BOOL_CONVERSION = YES;
				CLANG_WARN_COMMA = YES;
				CLANG_WARN_CONSTANT_CONVERSION = YES;
				CLANG_WARN_DIRECT_OBJC_ISA_USAGE = YES_ERROR;
				CLANG_WARN_DOCUMENTATION_COMMENTS = YES;
				CLANG_WARN_EMPTY_BODY = YES;
				CLANG_WARN_ENUM_CONVERSION = YES;
				CLANG_WARN_INFINITE_RECURSION = YES;
				CLANG_WARN_INT_CONVERSION = YES;
				CLANG_WARN_NON_LITERAL_NULL_CONVERSION = YES;
				CLANG_WARN_OBJC_LITERAL_CONVERSION = YES;
				CLANG_WARN_OBJC_ROOT_CLASS = YES_ERROR;
				CLANG_WARN_RANGE_LOOP_ANALYSIS = YES;
				CLANG_WARN_STRICT_PROTOTYPES = YES;
				CLANG_WARN_SUSPICIOUS_MOVE = YES;
				CLANG_WARN_UNGUARDED_AVAILABILITY = YES_AGGRESSIVE;
				CLANG_WARN_UNREACHABLE_CODE = YES;
				CLANG_WARN__DUPLICATE_METHOD_MATCH = YES;
				CODE_SIGN_IDENTITY = "iPhone Developer";
				COPY_PHASE_STRIP = NO;
				DEBUG_INFORMATION_FORMAT = dwarf;
				ENABLE_STRICT_OBJC_MSGSEND = YES;
				ENABLE_TESTABILITY = YES;
				GCC_C_LANGUAGE_STANDARD = gnu11;
				GCC_DYNAMIC_NO_PIC = NO;
				GCC_NO_COMMON_BLOCKS = YES;
				GCC_OPTIMIZATION_LEVEL = 0;
				GCC_PREPROCESSOR_DEFINITIONS = (
					"DEBUG=1",
					"$(inherited)",
				);
				GCC_WARN_64_TO_32_BIT_CONVERSION = YES;
				GCC_WARN_ABOUT_RETURN_TYPE = YES_ERROR;
				GCC_WARN_UNDECLARED_SELECTOR = YES;
				GCC_WARN_UNINITIALIZED_AUTOS = YES_AGGRESSIVE;
				GCC_WARN_UNUSED_FUNCTION = YES;
				GCC_WARN_UNUSED_VARIABLE = YES;
				IPHONEOS_DEPLOYMENT_TARGET = 11.2;
				MTL_ENABLE_DEBUG_INFO = YES;
				ONLY_ACTIVE_ARCH = YES;
				SDKROOT = iphoneos;
			};
			name = Debug;
		};
		3D66BD0820299EFE00F97E9D /* Release */ = {
			isa = XCBuildConfiguration;
			buildSettings = {
				ALWAYS_SEARCH_USER_PATHS = NO;
				CLANG_ANALYZER_NONNULL = YES;
				CLANG_ANALYZER_NUMBER_OBJECT_CONVERSION = YES_AGGRESSIVE;
				CLANG_CXX_LANGUAGE_STANDARD = "gnu++14";
				CLANG_CXX_LIBRARY = "libc++";
				CLANG_ENABLE_MODULES = YES;
				CLANG_ENABLE_OBJC_ARC = YES;
				CLANG_WARN_BLOCK_CAPTURE_AUTORELEASING = YES;
				CLANG_WARN_BOOL_CONVERSION = YES;
				CLANG_WARN_COMMA = YES;
				CLANG_WARN_CONSTANT_CONVERSION = YES;
				CLANG_WARN_DIRECT_OBJC_ISA_USAGE = YES_ERROR;
				CLANG_WARN_DOCUMENTATION_COMMENTS = YES;
				CLANG_WARN_EMPTY_BODY = YES;
				CLANG_WARN_ENUM_CONVERSION = YES;
				CLANG_WARN_INFINITE_RECURSION = YES;
				CLANG_WARN_INT_CONVERSION = YES;
				CLANG_WARN_NON_LITERAL_NULL_CONVERSION = YES;
				CLANG_WARN_OBJC_LITERAL_CONVERSION = YES;
				CLANG_WARN_OBJC_ROOT_CLASS = YES_ERROR;
				CLANG_WARN_RANGE_LOOP_ANALYSIS = YES;
				CLANG_WARN_STRICT_PROTOTYPES = YES;
				CLANG_WARN_SUSPICIOUS_MOVE = YES;
				CLANG_WARN_UNGUARDED_AVAILABILITY = YES_AGGRESSIVE;
				CLANG_WARN_UNREACHABLE_CODE = YES;
				CLANG_WARN__DUPLICATE_METHOD_MATCH = YES;
				CODE_SIGN_IDENTITY = "iPhone Developer";
				COPY_PHASE_STRIP = NO;
				DEBUG_INFORMATION_FORMAT = "dwarf-with-dsym";
				ENABLE_NS_ASSERTIONS = NO;
				ENABLE_STRICT_OBJC_MSGSEND = YES;
				GCC_C_LANGUAGE_STANDARD = gnu11;
				GCC_NO_COMMON_BLOCKS = YES;
				GCC_WARN_64_TO_32_BIT_CONVERSION = YES;
				GCC_WARN_ABOUT_RETURN_TYPE = YES_ERROR;
				GCC_WARN_UNDECLARED_SELECTOR = YES;
				GCC_WARN_UNINITIALIZED_AUTOS = YES_AGGRESSIVE;
				GCC_WARN_UNUSED_FUNCTION = YES;
				GCC_WARN_UNUSED_VARIABLE = YES;
				IPHONEOS_DEPLOYMENT_TARGET = 11.2;
				MTL_ENABLE_DEBUG_INFO = NO;
				SDKROOT = iphoneos;
				VALIDATE_PRODUCT = YES;
			};
			name = Release;
		};
		3D66BD0A20299EFE00F97E9D /* Debug */ = {
			isa = XCBuildConfiguration;
			buildSettings = {
				ASSETCATALOG_COMPILER_APPICON_NAME = AppIcon;
				CODE_SIGN_STYLE = Automatic;
				DEVELOPMENT_TEAM = 389BMU82Q2;
				INFOPLIST_FILE = VWWebImageDemo/Info.plist;
				LD_RUNPATH_SEARCH_PATHS = "$(inherited) @executable_path/Frameworks";
				PRODUCT_BUNDLE_IDENTIFIER = cn.com.Vic.VWWebImageDemo;
				PRODUCT_NAME = "$(TARGET_NAME)";
				TARGETED_DEVICE_FAMILY = "1,2";
			};
			name = Debug;
		};
		3D66BD0B20299EFE00F97E9D /* Release */ = {
			isa = XCBuildConfiguration;
			buildSettings = {
				ASSETCATALOG_COMPILER_APPICON_NAME = AppIcon;
				CODE_SIGN_STYLE = Automatic;
				DEVELOPMENT_TEAM = 389BMU82Q2;
				INFOPLIST_FILE = VWWebImageDemo/Info.plist;
				LD_RUNPATH_SEARCH_PATHS = "$(inherited) @executable_path/Frameworks";
				PRODUCT_BUNDLE_IDENTIFIER = cn.com.Vic.VWWebImageDemo;
				PRODUCT_NAME = "$(TARGET_NAME)";
				TARGETED_DEVICE_FAMILY = "1,2";
			};
			name = Release;
		};
		3D66BD0D20299EFE00F97E9D /* Debug */ = {
			isa = XCBuildConfiguration;
			buildSettings = {
				BUNDLE_LOADER = "$(TEST_HOST)";
				CODE_SIGN_STYLE = Automatic;
				DEVELOPMENT_TEAM = 389BMU82Q2;
				INFOPLIST_FILE = VWWebImageDemoTests/Info.plist;
				LD_RUNPATH_SEARCH_PATHS = "$(inherited) @executable_path/Frameworks @loader_path/Frameworks";
				PRODUCT_BUNDLE_IDENTIFIER = cn.com.Vic.VWWebImageDemoTests;
				PRODUCT_NAME = "$(TARGET_NAME)";
				TARGETED_DEVICE_FAMILY = "1,2";
				TEST_HOST = "$(BUILT_PRODUCTS_DIR)/VWWebImageDemo.app/VWWebImageDemo";
			};
			name = Debug;
		};
		3D66BD0E20299EFE00F97E9D /* Release */ = {
			isa = XCBuildConfiguration;
			buildSettings = {
				BUNDLE_LOADER = "$(TEST_HOST)";
				CODE_SIGN_STYLE = Automatic;
				DEVELOPMENT_TEAM = 389BMU82Q2;
				INFOPLIST_FILE = VWWebImageDemoTests/Info.plist;
				LD_RUNPATH_SEARCH_PATHS = "$(inherited) @executable_path/Frameworks @loader_path/Frameworks";
				PRODUCT_BUNDLE_IDENTIFIER = cn.com.Vic.VWWebImageDemoTests;
				PRODUCT_NAME = "$(TARGET_NAME)";
				TARGETED_DEVICE_FAMILY = "1,2";
				TEST_HOST = "$(BUILT_PRODUCTS_DIR)/VWWebImageDemo.app/VWWebImageDemo";
			};
			name = Release;
		};
/* End XCBuildConfiguration section */

/* Begin XCConfigurationList section */
		3D66BCE320299EFD00F97E9D /* Build configuration list for PBXProject "VWWebImageDemo" */ = {
			isa = XCConfigurationList;
			buildConfigurations = (
				3D66BD0720299EFE00F97E9D /* Debug */,
				3D66BD0820299EFE00F97E9D /* Release */,
			);
			defaultConfigurationIsVisible = 0;
			defaultConfigurationName = Release;
		};
		3D66BD0920299EFE00F97E9D /* Build configuration list for PBXNativeTarget "VWWebImageDemo" */ = {
			isa = XCConfigurationList;
			buildConfigurations = (
				3D66BD0A20299EFE00F97E9D /* Debug */,
				3D66BD0B20299EFE00F97E9D /* Release */,
			);
			defaultConfigurationIsVisible = 0;
			defaultConfigurationName = Release;
		};
		3D66BD0C20299EFE00F97E9D /* Build configuration list for PBXNativeTarget "VWWebImageDemoTests" */ = {
			isa = XCConfigurationList;
			buildConfigurations = (
				3D66BD0D20299EFE00F97E9D /* Debug */,
				3D66BD0E20299EFE00F97E9D /* Release */,
			);
			defaultConfigurationIsVisible = 0;
			defaultConfigurationName = Release;
		};
/* End XCConfigurationList section */
	};
	rootObject = 3D66BCE020299EFD00F97E9D /* Project object */;
}
